// !$*UTF8*$!
{
	archiveVersion = 1;
	classes = {
	};
	objectVersion = 50;
	objects = {

/* Begin PBXBuildFile section */
		4D37F0F721B04225001FFDBD /* RecipesViewController.swift in Sources */ = {isa = PBXBuildFile; fileRef = 4D37F0F521B04225001FFDBD /* RecipesViewController.swift */; };
		4D37F0F821B04225001FFDBD /* RecipesViewController.xib in Resources */ = {isa = PBXBuildFile; fileRef = 4D37F0F621B04225001FFDBD /* RecipesViewController.xib */; };
		4D37F0FB21B043BE001FFDBD /* RecipesCell.swift in Sources */ = {isa = PBXBuildFile; fileRef = 4D37F0F921B043BE001FFDBD /* RecipesCell.swift */; };
		4D37F0FC21B043BE001FFDBD /* RecipesCell.xib in Resources */ = {isa = PBXBuildFile; fileRef = 4D37F0FA21B043BE001FFDBD /* RecipesCell.xib */; };
		4D37F0FE21B04613001FFDBD /* Recipes.swift in Sources */ = {isa = PBXBuildFile; fileRef = 4D37F0FD21B04613001FFDBD /* Recipes.swift */; };
		4D37F10221B05D65001FFDBD /* SingularRecipeViewController.swift in Sources */ = {isa = PBXBuildFile; fileRef = 4D37F10021B05D65001FFDBD /* SingularRecipeViewController.swift */; };
		4D37F10321B05D65001FFDBD /* SingularRecipeViewController.xib in Resources */ = {isa = PBXBuildFile; fileRef = 4D37F10121B05D65001FFDBD /* SingularRecipeViewController.xib */; };
		4D42953021B13DAE00EF732B /* MapViewController.swift in Sources */ = {isa = PBXBuildFile; fileRef = 4D42952E21B13DAE00EF732B /* MapViewController.swift */; };
		4D42953121B13DAE00EF732B /* MapViewController.xib in Resources */ = {isa = PBXBuildFile; fileRef = 4D42952F21B13DAE00EF732B /* MapViewController.xib */; };
		4DA274D421AEA7010068410F /* AppDelegate.swift in Sources */ = {isa = PBXBuildFile; fileRef = 4DA274D321AEA7010068410F /* AppDelegate.swift */; };
		4DA274DB21AEA7050068410F /* Assets.xcassets in Resources */ = {isa = PBXBuildFile; fileRef = 4DA274DA21AEA7050068410F /* Assets.xcassets */; };
		4DA274DE21AEA7050068410F /* LaunchScreen.storyboard in Resources */ = {isa = PBXBuildFile; fileRef = 4DA274DC21AEA7050068410F /* LaunchScreen.storyboard */; };
		4DA2751C21AEB4AF0068410F /* CategoryTableViewCell.swift in Sources */ = {isa = PBXBuildFile; fileRef = 4DA2751A21AEB4AF0068410F /* CategoryTableViewCell.swift */; };
		4DA2751D21AEB4AF0068410F /* CategoryTableViewCell.xib in Resources */ = {isa = PBXBuildFile; fileRef = 4DA2751B21AEB4AF0068410F /* CategoryTableViewCell.xib */; };
		4DA2752121AEB5FF0068410F /* CategoriesViewController.swift in Sources */ = {isa = PBXBuildFile; fileRef = 4DA2751F21AEB5FF0068410F /* CategoriesViewController.swift */; };
		4DA2752221AEB5FF0068410F /* CategoriesViewController.xib in Resources */ = {isa = PBXBuildFile; fileRef = 4DA2752021AEB5FF0068410F /* CategoriesViewController.xib */; };
		4DA2752421AEBE470068410F /* Categories.swift in Sources */ = {isa = PBXBuildFile; fileRef = 4DA2752321AEBE470068410F /* Categories.swift */; };
		EE6D5FEBA0D6F3F1F0F9B1EE /* Pods_RecetarioApp.framework in Frameworks */ = {isa = PBXBuildFile; fileRef = 8EFB3BF8A12E5ED7D364D7BD /* Pods_RecetarioApp.framework */; };
/* End PBXBuildFile section */

/* Begin PBXFileReference section */
		4D37F0F521B04225001FFDBD /* RecipesViewController.swift */ = {isa = PBXFileReference; lastKnownFileType = sourcecode.swift; path = RecipesViewController.swift; sourceTree = "<group>"; };
		4D37F0F621B04225001FFDBD /* RecipesViewController.xib */ = {isa = PBXFileReference; lastKnownFileType = file.xib; path = RecipesViewController.xib; sourceTree = "<group>"; };
		4D37F0F921B043BE001FFDBD /* RecipesCell.swift */ = {isa = PBXFileReference; lastKnownFileType = sourcecode.swift; path = RecipesCell.swift; sourceTree = "<group>"; };
		4D37F0FA21B043BE001FFDBD /* RecipesCell.xib */ = {isa = PBXFileReference; lastKnownFileType = file.xib; path = RecipesCell.xib; sourceTree = "<group>"; };
		4D37F0FD21B04613001FFDBD /* Recipes.swift */ = {isa = PBXFileReference; lastKnownFileType = sourcecode.swift; path = Recipes.swift; sourceTree = "<group>"; };
		4D37F10021B05D65001FFDBD /* SingularRecipeViewController.swift */ = {isa = PBXFileReference; lastKnownFileType = sourcecode.swift; path = SingularRecipeViewController.swift; sourceTree = "<group>"; };
		4D37F10121B05D65001FFDBD /* SingularRecipeViewController.xib */ = {isa = PBXFileReference; lastKnownFileType = file.xib; path = SingularRecipeViewController.xib; sourceTree = "<group>"; };
		4D42952E21B13DAE00EF732B /* MapViewController.swift */ = {isa = PBXFileReference; lastKnownFileType = sourcecode.swift; path = MapViewController.swift; sourceTree = "<group>"; };
		4D42952F21B13DAE00EF732B /* MapViewController.xib */ = {isa = PBXFileReference; lastKnownFileType = file.xib; path = MapViewController.xib; sourceTree = "<group>"; };
		4DA274D021AEA7010068410F /* RecetarioApp.app */ = {isa = PBXFileReference; explicitFileType = wrapper.application; includeInIndex = 0; path = RecetarioApp.app; sourceTree = BUILT_PRODUCTS_DIR; };
		4DA274D321AEA7010068410F /* AppDelegate.swift */ = {isa = PBXFileReference; lastKnownFileType = sourcecode.swift; path = AppDelegate.swift; sourceTree = "<group>"; };
		4DA274DA21AEA7050068410F /* Assets.xcassets */ = {isa = PBXFileReference; lastKnownFileType = folder.assetcatalog; path = Assets.xcassets; sourceTree = "<group>"; };
		4DA274DD21AEA7050068410F /* Base */ = {isa = PBXFileReference; lastKnownFileType = file.storyboard; name = Base; path = Base.lproj/LaunchScreen.storyboard; sourceTree = "<group>"; };
		4DA274DF21AEA7050068410F /* Info.plist */ = {isa = PBXFileReference; lastKnownFileType = text.plist.xml; path = Info.plist; sourceTree = "<group>"; };
		4DA2751A21AEB4AF0068410F /* CategoryTableViewCell.swift */ = {isa = PBXFileReference; lastKnownFileType = sourcecode.swift; path = CategoryTableViewCell.swift; sourceTree = "<group>"; };
		4DA2751B21AEB4AF0068410F /* CategoryTableViewCell.xib */ = {isa = PBXFileReference; lastKnownFileType = file.xib; path = CategoryTableViewCell.xib; sourceTree = "<group>"; };
		4DA2751F21AEB5FF0068410F /* CategoriesViewController.swift */ = {isa = PBXFileReference; lastKnownFileType = sourcecode.swift; path = CategoriesViewController.swift; sourceTree = "<group>"; };
		4DA2752021AEB5FF0068410F /* CategoriesViewController.xib */ = {isa = PBXFileReference; lastKnownFileType = file.xib; path = CategoriesViewController.xib; sourceTree = "<group>"; };
		4DA2752321AEBE470068410F /* Categories.swift */ = {isa = PBXFileReference; lastKnownFileType = sourcecode.swift; path = Categories.swift; sourceTree = "<group>"; };
		8EBF5199784DBC5B5BB7F7BA /* Pods-RecetarioApp.release.xcconfig */ = {isa = PBXFileReference; includeInIndex = 1; lastKnownFileType = text.xcconfig; name = "Pods-RecetarioApp.release.xcconfig"; path = "Pods/Target Support Files/Pods-RecetarioApp/Pods-RecetarioApp.release.xcconfig"; sourceTree = "<group>"; };
		8EFB3BF8A12E5ED7D364D7BD /* Pods_RecetarioApp.framework */ = {isa = PBXFileReference; explicitFileType = wrapper.framework; includeInIndex = 0; path = Pods_RecetarioApp.framework; sourceTree = BUILT_PRODUCTS_DIR; };
		B60B75EB7C90469FC9BCA5F0 /* Pods-RecetarioApp.debug.xcconfig */ = {isa = PBXFileReference; includeInIndex = 1; lastKnownFileType = text.xcconfig; name = "Pods-RecetarioApp.debug.xcconfig"; path = "Pods/Target Support Files/Pods-RecetarioApp/Pods-RecetarioApp.debug.xcconfig"; sourceTree = "<group>"; };
/* End PBXFileReference section */

/* Begin PBXFrameworksBuildPhase section */
		4DA274CD21AEA7010068410F /* Frameworks */ = {
			isa = PBXFrameworksBuildPhase;
			buildActionMask = 2147483647;
			files = (
				EE6D5FEBA0D6F3F1F0F9B1EE /* Pods_RecetarioApp.framework in Frameworks */,
			);
			runOnlyForDeploymentPostprocessing = 0;
		};
/* End PBXFrameworksBuildPhase section */

/* Begin PBXGroup section */
		486F41E042FA5765447B8820 /* Pods */ = {
			isa = PBXGroup;
			children = (
				B60B75EB7C90469FC9BCA5F0 /* Pods-RecetarioApp.debug.xcconfig */,
				8EBF5199784DBC5B5BB7F7BA /* Pods-RecetarioApp.release.xcconfig */,
			);
			name = Pods;
			sourceTree = "<group>";
		};
		4D37F0F421B0420F001FFDBD /* RecipesVC */ = {
			isa = PBXGroup;
			children = (
				4D37F0F521B04225001FFDBD /* RecipesViewController.swift */,
				4D37F0F621B04225001FFDBD /* RecipesViewController.xib */,
			);
			path = RecipesVC;
			sourceTree = "<group>";
		};
		4D37F0FF21B05D2B001FFDBD /* SingularRecipeVC */ = {
			isa = PBXGroup;
			children = (
				4D37F10021B05D65001FFDBD /* SingularRecipeViewController.swift */,
				4D37F10121B05D65001FFDBD /* SingularRecipeViewController.xib */,
			);
			path = SingularRecipeVC;
			sourceTree = "<group>";
		};
		4D42952D21B13D9A00EF732B /* MapVC */ = {
			isa = PBXGroup;
			children = (
				4D42952E21B13DAE00EF732B /* MapViewController.swift */,
				4D42952F21B13DAE00EF732B /* MapViewController.xib */,
			);
			path = MapVC;
			sourceTree = "<group>";
		};
		4DA274C721AEA7010068410F = {
			isa = PBXGroup;
			children = (
				4DA274D221AEA7010068410F /* RecetarioApp */,
				4DA274D121AEA7010068410F /* Products */,
				486F41E042FA5765447B8820 /* Pods */,
				6AD20685A4329B0F7827914E /* Frameworks */,
			);
			sourceTree = "<group>";
		};
		4DA274D121AEA7010068410F /* Products */ = {
			isa = PBXGroup;
			children = (
				4DA274D021AEA7010068410F /* RecetarioApp.app */,
			);
			name = Products;
			sourceTree = "<group>";
		};
		4DA274D221AEA7010068410F /* RecetarioApp */ = {
			isa = PBXGroup;
			children = (
				4DA274E821AEA94E0068410F /* Models */,
				4DA274E721AEA9460068410F /* Cells */,
				4DA274E621AEA92C0068410F /* ViewControllers */,
				4DA274D321AEA7010068410F /* AppDelegate.swift */,
				4DA274DA21AEA7050068410F /* Assets.xcassets */,
				4DA274DC21AEA7050068410F /* LaunchScreen.storyboard */,
				4DA274DF21AEA7050068410F /* Info.plist */,
			);
			path = RecetarioApp;
			sourceTree = "<group>";
		};
		4DA274E621AEA92C0068410F /* ViewControllers */ = {
			isa = PBXGroup;
			children = (
				4D42952D21B13D9A00EF732B /* MapVC */,
				4D37F0FF21B05D2B001FFDBD /* SingularRecipeVC */,
				4D37F0F421B0420F001FFDBD /* RecipesVC */,
				4DA2751E21AEB5D00068410F /* CategoriesVC */,
			);
			path = ViewControllers;
			sourceTree = "<group>";
		};
		4DA274E721AEA9460068410F /* Cells */ = {
			isa = PBXGroup;
			children = (
				4DA2751A21AEB4AF0068410F /* CategoryTableViewCell.swift */,
				4DA2751B21AEB4AF0068410F /* CategoryTableViewCell.xib */,
				4D37F0F921B043BE001FFDBD /* RecipesCell.swift */,
				4D37F0FA21B043BE001FFDBD /* RecipesCell.xib */,
			);
			path = Cells;
			sourceTree = "<group>";
		};
		4DA274E821AEA94E0068410F /* Models */ = {
			isa = PBXGroup;
			children = (
				4DA2752321AEBE470068410F /* Categories.swift */,
				4D37F0FD21B04613001FFDBD /* Recipes.swift */,
			);
			path = Models;
			sourceTree = "<group>";
		};
		4DA2751E21AEB5D00068410F /* CategoriesVC */ = {
			isa = PBXGroup;
			children = (
				4DA2751F21AEB5FF0068410F /* CategoriesViewController.swift */,
				4DA2752021AEB5FF0068410F /* CategoriesViewController.xib */,
			);
			path = CategoriesVC;
			sourceTree = "<group>";
		};
		6AD20685A4329B0F7827914E /* Frameworks */ = {
			isa = PBXGroup;
			children = (
				8EFB3BF8A12E5ED7D364D7BD /* Pods_RecetarioApp.framework */,
			);
			name = Frameworks;
			sourceTree = "<group>";
		};
/* End PBXGroup section */

/* Begin PBXNativeTarget section */
		4DA274CF21AEA7010068410F /* RecetarioApp */ = {
			isa = PBXNativeTarget;
			buildConfigurationList = 4DA274E221AEA7050068410F /* Build configuration list for PBXNativeTarget "RecetarioApp" */;
			buildPhases = (
				93CA341069D69DFC1730919B /* [CP] Check Pods Manifest.lock */,
				4DA274CC21AEA7010068410F /* Sources */,
				4DA274CD21AEA7010068410F /* Frameworks */,
				4DA274CE21AEA7010068410F /* Resources */,
				A95FA54B510DF63F285151C5 /* [CP] Embed Pods Frameworks */,
			);
			buildRules = (
			);
			dependencies = (
			);
			name = RecetarioApp;
			productName = RecetarioApp;
			productReference = 4DA274D021AEA7010068410F /* RecetarioApp.app */;
			productType = "com.apple.product-type.application";
		};
/* End PBXNativeTarget section */

/* Begin PBXProject section */
		4DA274C821AEA7010068410F /* Project object */ = {
			isa = PBXProject;
			attributes = {
				LastSwiftUpdateCheck = 0930;
				LastUpgradeCheck = 0930;
				ORGANIZATIONNAME = "IGNACIO GALAN DE PINA";
				TargetAttributes = {
					4DA274CF21AEA7010068410F = {
						CreatedOnToolsVersion = 9.3;
					};
				};
			};
			buildConfigurationList = 4DA274CB21AEA7010068410F /* Build configuration list for PBXProject "RecetarioApp" */;
			compatibilityVersion = "Xcode 9.3";
			developmentRegion = en;
			hasScannedForEncodings = 0;
			knownRegions = (
				en,
				Base,
			);
			mainGroup = 4DA274C721AEA7010068410F;
			productRefGroup = 4DA274D121AEA7010068410F /* Products */;
			projectDirPath = "";
			projectRoot = "";
			targets = (
				4DA274CF21AEA7010068410F /* RecetarioApp */,
			);
		};
/* End PBXProject section */

/* Begin PBXResourcesBuildPhase section */
		4DA274CE21AEA7010068410F /* Resources */ = {
			isa = PBXResourcesBuildPhase;
			buildActionMask = 2147483647;
			files = (
				4D37F0F821B04225001FFDBD /* RecipesViewController.xib in Resources */,
				4DA274DE21AEA7050068410F /* LaunchScreen.storyboard in Resources */,
				4DA2752221AEB5FF0068410F /* CategoriesViewController.xib in Resources */,
				4D42953121B13DAE00EF732B /* MapViewController.xib in Resources */,
				4D37F0FC21B043BE001FFDBD /* RecipesCell.xib in Resources */,
				4DA274DB21AEA7050068410F /* Assets.xcassets in Resources */,
				4DA2751D21AEB4AF0068410F /* CategoryTableViewCell.xib in Resources */,
				4D37F10321B05D65001FFDBD /* SingularRecipeViewController.xib in Resources */,
			);
			runOnlyForDeploymentPostprocessing = 0;
		};
/* End PBXResourcesBuildPhase section */

/* Begin PBXShellScriptBuildPhase section */
		93CA341069D69DFC1730919B /* [CP] Check Pods Manifest.lock */ = {
			isa = PBXShellScriptBuildPhase;
			buildActionMask = 2147483647;
			files = (
			);
			inputPaths = (
				"${PODS_PODFILE_DIR_PATH}/Podfile.lock",
				"${PODS_ROOT}/Manifest.lock",
			);
			name = "[CP] Check Pods Manifest.lock";
			outputPaths = (
				"$(DERIVED_FILE_DIR)/Pods-RecetarioApp-checkManifestLockResult.txt",
			);
			runOnlyForDeploymentPostprocessing = 0;
			shellPath = /bin/sh;
			shellScript = "diff \"${PODS_PODFILE_DIR_PATH}/Podfile.lock\" \"${PODS_ROOT}/Manifest.lock\" > /dev/null\nif [ $? != 0 ] ; then\n    # print error to STDERR\n    echo \"error: The sandbox is not in sync with the Podfile.lock. Run 'pod install' or update your CocoaPods installation.\" >&2\n    exit 1\nfi\n# This output is used by Xcode 'outputs' to avoid re-running this script phase.\necho \"SUCCESS\" > \"${SCRIPT_OUTPUT_FILE_0}\"\n";
			showEnvVarsInLog = 0;
		};
		A95FA54B510DF63F285151C5 /* [CP] Embed Pods Frameworks */ = {
			isa = PBXShellScriptBuildPhase;
			buildActionMask = 2147483647;
			files = (
			);
			inputPaths = (
				"${SRCROOT}/Pods/Target Support Files/Pods-RecetarioApp/Pods-RecetarioApp-frameworks.sh",
				"${BUILT_PRODUCTS_DIR}/SDWebImage/SDWebImage.framework",
			);
			name = "[CP] Embed Pods Frameworks";
			outputPaths = (
				"${TARGET_BUILD_DIR}/${FRAMEWORKS_FOLDER_PATH}/SDWebImage.framework",
			);
			runOnlyForDeploymentPostprocessing = 0;
			shellPath = /bin/sh;
			shellScript = "\"${SRCROOT}/Pods/Target Support Files/Pods-RecetarioApp/Pods-RecetarioApp-frameworks.sh\"\n";
			showEnvVarsInLog = 0;
		};
/* End PBXShellScriptBuildPhase section */

/* Begin PBXSourcesBuildPhase section */
		4DA274CC21AEA7010068410F /* Sources */ = {
			isa = PBXSourcesBuildPhase;
			buildActionMask = 2147483647;
			files = (
				4DA274D421AEA7010068410F /* AppDelegate.swift in Sources */,
				4DA2752421AEBE470068410F /* Categories.swift in Sources */,
				4D37F0FE21B04613001FFDBD /* Recipes.swift in Sources */,
				4DA2752121AEB5FF0068410F /* CategoriesViewController.swift in Sources */,
				4D42953021B13DAE00EF732B /* MapViewController.swift in Sources */,
				4D37F0F721B04225001FFDBD /* RecipesViewController.swift in Sources */,
				4D37F10221B05D65001FFDBD /* SingularRecipeViewController.swift in Sources */,
				4D37F0FB21B043BE001FFDBD /* RecipesCell.swift in Sources */,
				4DA2751C21AEB4AF0068410F /* CategoryTableViewCell.swift in Sources */,
			);
			runOnlyForDeploymentPostprocessing = 0;
		};
/* End PBXSourcesBuildPhase section */

/* Begin PBXVariantGroup section */
		4DA274DC21AEA7050068410F /* LaunchScreen.storyboard */ = {
			isa = PBXVariantGroup;
			children = (
				4DA274DD21AEA7050068410F /* Base */,
			);
			name = LaunchScreen.storyboard;
			sourceTree = "<group>";
		};
/* End PBXVariantGroup section */

/* Begin XCBuildConfiguration section */
		4DA274E021AEA7050068410F /* Debug */ = {
			isa = XCBuildConfiguration;
			buildSettings = {
				ALWAYS_SEARCH_USER_PATHS = NO;
				CLANG_ANALYZER_NONNULL = YES;
				CLANG_ANALYZER_NUMBER_OBJECT_CONVERSION = YES_AGGRESSIVE;
				CLANG_CXX_LANGUAGE_STANDARD = "gnu++14";
				CLANG_CXX_LIBRARY = "libc++";
				CLANG_ENABLE_MODULES = YES;
				CLANG_ENABLE_OBJC_ARC = YES;
				CLANG_ENABLE_OBJC_WEAK = YES;
				CLANG_WARN_BLOCK_CAPTURE_AUTORELEASING = YES;
				CLANG_WARN_BOOL_CONVERSION = YES;
				CLANG_WARN_COMMA = YES;
				CLANG_WARN_CONSTANT_CONVERSION = YES;
				CLANG_WARN_DEPRECATED_OBJC_IMPLEMENTATIONS = YES;
				CLANG_WARN_DIRECT_OBJC_ISA_USAGE = YES_ERROR;
				CLANG_WARN_DOCUMENTATION_COMMENTS = YES;
				CLANG_WARN_EMPTY_BODY = YES;
				CLANG_WARN_ENUM_CONVERSION = YES;
				CLANG_WARN_INFINITE_RECURSION = YES;
				CLANG_WARN_INT_CONVERSION = YES;
				CLANG_WARN_NON_LITERAL_NULL_CONVERSION = YES;
				CLANG_WARN_OBJC_IMPLICIT_RETAIN_SELF = YES;
				CLANG_WARN_OBJC_LITERAL_CONVERSION = YES;
				CLANG_WARN_OBJC_ROOT_CLASS = YES_ERROR;
				CLANG_WARN_RANGE_LOOP_ANALYSIS = YES;
				CLANG_WARN_STRICT_PROTOTYPES = YES;
				CLANG_WARN_SUSPICIOUS_MOVE = YES;
				CLANG_WARN_UNGUARDED_AVAILABILITY = YES_AGGRESSIVE;
				CLANG_WARN_UNREACHABLE_CODE = YES;
				CLANG_WARN__DUPLICATE_METHOD_MATCH = YES;
				CODE_SIGN_IDENTITY = "iPhone Developer";
				COPY_PHASE_STRIP = NO;
				DEBUG_INFORMATION_FORMAT = dwarf;
				ENABLE_STRICT_OBJC_MSGSEND = YES;
				ENABLE_TESTABILITY = YES;
				GCC_C_LANGUAGE_STANDARD = gnu11;
				GCC_DYNAMIC_NO_PIC = NO;
				GCC_NO_COMMON_BLOCKS = YES;
				GCC_OPTIMIZATION_LEVEL = 0;
				GCC_PREPROCESSOR_DEFINITIONS = (
					"DEBUG=1",
					"$(inherited)",
				);
				GCC_WARN_64_TO_32_BIT_CONVERSION = YES;
				GCC_WARN_ABOUT_RETURN_TYPE = YES_ERROR;
				GCC_WARN_UNDECLARED_SELECTOR = YES;
				GCC_WARN_UNINITIALIZED_AUTOS = YES_AGGRESSIVE;
				GCC_WARN_UNUSED_FUNCTION = YES;
				GCC_WARN_UNUSED_VARIABLE = YES;
				IPHONEOS_DEPLOYMENT_TARGET = 11.3;
				MTL_ENABLE_DEBUG_INFO = YES;
				ONLY_ACTIVE_ARCH = YES;
				SDKROOT = iphoneos;
				SWIFT_ACTIVE_COMPILATION_CONDITIONS = DEBUG;
				SWIFT_OPTIMIZATION_LEVEL = "-Onone";
			};
			name = Debug;
		};
		4DA274E121AEA7050068410F /* Release */ = {
			isa = XCBuildConfiguration;
			buildSettings = {
				ALWAYS_SEARCH_USER_PATHS = NO;
				CLANG_ANALYZER_NONNULL = YES;
				CLANG_ANALYZER_NUMBER_OBJECT_CONVERSION = YES_AGGRESSIVE;
				CLANG_CXX_LANGUAGE_STANDARD = "gnu++14";
				CLANG_CXX_LIBRARY = "libc++";
				CLANG_ENABLE_MODULES = YES;
				CLANG_ENABLE_OBJC_ARC = YES;
				CLANG_ENABLE_OBJC_WEAK = YES;
				CLANG_WARN_BLOCK_CAPTURE_AUTORELEASING = YES;
				CLANG_WARN_BOOL_CONVERSION = YES;
				CLANG_WARN_COMMA = YES;
				CLANG_WARN_CONSTANT_CONVERSION = YES;
				CLANG_WARN_DEPRECATED_OBJC_IMPLEMENTATIONS = YES;
				CLANG_WARN_DIRECT_OBJC_ISA_USAGE = YES_ERROR;
				CLANG_WARN_DOCUMENTATION_COMMENTS = YES;
				CLANG_WARN_EMPTY_BODY = YES;
				CLANG_WARN_ENUM_CONVERSION = YES;
				CLANG_WARN_INFINITE_RECURSION = YES;
				CLANG_WARN_INT_CONVERSION = YES;
				CLANG_WARN_NON_LITERAL_NULL_CONVERSION = YES;
				CLANG_WARN_OBJC_IMPLICIT_RETAIN_SELF = YES;
				CLANG_WARN_OBJC_LITERAL_CONVERSION = YES;
				CLANG_WARN_OBJC_ROOT_CLASS = YES_ERROR;
				CLANG_WARN_RANGE_LOOP_ANALYSIS = YES;
				CLANG_WARN_STRICT_PROTOTYPES = YES;
				CLANG_WARN_SUSPICIOUS_MOVE = YES;
				CLANG_WARN_UNGUARDED_AVAILABILITY = YES_AGGRESSIVE;
				CLANG_WARN_UNREACHABLE_CODE = YES;
				CLANG_WARN__DUPLICATE_METHOD_MATCH = YES;
				CODE_SIGN_IDENTITY = "iPhone Developer";
				COPY_PHASE_STRIP = NO;
				DEBUG_INFORMATION_FORMAT = "dwarf-with-dsym";
				ENABLE_NS_ASSERTIONS = NO;
				ENABLE_STRICT_OBJC_MSGSEND = YES;
				GCC_C_LANGUAGE_STANDARD = gnu11;
				GCC_NO_COMMON_BLOCKS = YES;
				GCC_WARN_64_TO_32_BIT_CONVERSION = YES;
				GCC_WARN_ABOUT_RETURN_TYPE = YES_ERROR;
				GCC_WARN_UNDECLARED_SELECTOR = YES;
				GCC_WARN_UNINITIALIZED_AUTOS = YES_AGGRESSIVE;
				GCC_WARN_UNUSED_FUNCTION = YES;
				GCC_WARN_UNUSED_VARIABLE = YES;
				IPHONEOS_DEPLOYMENT_TARGET = 11.3;
				MTL_ENABLE_DEBUG_INFO = NO;
				SDKROOT = iphoneos;
				SWIFT_COMPILATION_MODE = wholemodule;
				SWIFT_OPTIMIZATION_LEVEL = "-O";
				VALIDATE_PRODUCT = YES;
			};
			name = Release;
		};
		4DA274E321AEA7050068410F /* Debug */ = {
			isa = XCBuildConfiguration;
			baseConfigurationReference = B60B75EB7C90469FC9BCA5F0 /* Pods-RecetarioApp.debug.xcconfig */;
			buildSettings = {
				ASSETCATALOG_COMPILER_APPICON_NAME = AppIcon;
				CODE_SIGN_STYLE = Automatic;
				INFOPLIST_FILE = RecetarioApp/Info.plist;
				LD_RUNPATH_SEARCH_PATHS = (
					"$(inherited)",
					"@executable_path/Frameworks",
				);
				PRODUCT_BUNDLE_IDENTIFIER = nacho.RecetarioApp;
				PRODUCT_NAME = "$(TARGET_NAME)";
				SWIFT_VERSION = 4.0;
				TARGETED_DEVICE_FAMILY = "1,2";
			};
			name = Debug;
		};
		4DA274E421AEA7050068410F /* Release */ = {
			isa = XCBuildConfiguration;
			baseConfigurationReference = 8EBF5199784DBC5B5BB7F7BA /* Pods-RecetarioApp.release.xcconfig */;
			buildSettings = {
				ASSETCATALOG_COMPILER_APPICON_NAME = AppIcon;
				CODE_SIGN_STYLE = Automatic;
				INFOPLIST_FILE = RecetarioApp/Info.plist;
				LD_RUNPATH_SEARCH_PATHS = (
					"$(inherited)",
					"@executable_path/Frameworks",
				);
				PRODUCT_BUNDLE_IDENTIFIER = nacho.RecetarioApp;
				PRODUCT_NAME = "$(TARGET_NAME)";
				SWIFT_VERSION = 4.0;
				TARGETED_DEVICE_FAMILY = "1,2";
			};
			name = Release;
		};
/* End XCBuildConfiguration section */

/* Begin XCConfigurationList section */
		4DA274CB21AEA7010068410F /* Build configuration list for PBXProject "RecetarioApp" */ = {
			isa = XCConfigurationList;
			buildConfigurations = (
				4DA274E021AEA7050068410F /* Debug */,
				4DA274E121AEA7050068410F /* Release */,
			);
			defaultConfigurationIsVisible = 0;
			defaultConfigurationName = Release;
		};
		4DA274E221AEA7050068410F /* Build configuration list for PBXNativeTarget "RecetarioApp" */ = {
			isa = XCConfigurationList;
			buildConfigurations = (
				4DA274E321AEA7050068410F /* Debug */,
				4DA274E421AEA7050068410F /* Release */,
			);
			defaultConfigurationIsVisible = 0;
			defaultConfigurationName = Release;
		};
/* End XCConfigurationList section */
	};
	rootObject = 4DA274C821AEA7010068410F /* Project object */;
}
